
Microsoft Visual Studio Solution File, Format Version 12.00
# Visual Studio 14
VisualStudioVersion = 14.0.25420.1
MinimumVisualStudioVersion = 10.0.40219.1
Project("{FAE04EC0-301F-11D3-BF4B-00C04F79EFBC}") = "Programa Operaciones basicas dll", "Programa Operaciones basicas dll\Programa Operaciones basicas dll.csproj", "{DBBC04EE-6F8E-489A-AD10-A5405D2B8BA3}"
EndProject
Global
	GlobalSection(SolutionConfigurationPlatforms) = preSolution
		Debug|Any CPU = Debug|Any CPU
		Release|Any CPU = Release|Any CPU
	EndGlobalSection
	GlobalSection(ProjectConfigurationPlatforms) = postSolution
		{DBBC04EE-6F8E-489A-AD10-A5405D2B8BA3}.Debug|Any CPU.ActiveCfg = Debug|Any CPU
		{DBBC04EE-6F8E-489A-AD10-A5405D2B8BA3}.Debug|Any CPU.Build.0 = Debug|Any CPU
		{DBBC04EE-6F8E-489A-AD10-A5405D2B8BA3}.Release|Any CPU.ActiveCfg = Release|Any CPU
		{DBBC04EE-6F8E-489A-AD10-A5405D2B8BA3}.Release|Any CPU.Build.0 = Release|Any CPU
	EndGlobalSection
	GlobalSection(SolutionProperties) = preSolution
		HideSolutionNode = FALSE
	EndGlobalSection
EndGlobal
