
Microsoft Visual Studio Solution File, Format Version 12.00
# Visual Studio 14
VisualStudioVersion = 14.0.25420.1
MinimumVisualStudioVersion = 10.0.40219.1
Project("{FAE04EC0-301F-11D3-BF4B-00C04F79EFBC}") = "GPS-Boxito", "GPS-Boxito\GPS-Boxito.csproj", "{31249910-B93C-41D3-9FC7-D34C04E8E7FD}"
EndProject
Project("{FAE04EC0-301F-11D3-BF4B-00C04F79EFBC}") = "GPS-Boxito.Tests", "GPS-Boxito.Tests\GPS-Boxito.Tests.csproj", "{6811B801-B076-437A-871B-6A65191172D9}"
EndProject
Global
	GlobalSection(SolutionConfigurationPlatforms) = preSolution
		Debug|Any CPU = Debug|Any CPU
		Release|Any CPU = Release|Any CPU
	EndGlobalSection
	GlobalSection(ProjectConfigurationPlatforms) = postSolution
		{31249910-B93C-41D3-9FC7-D34C04E8E7FD}.Debug|Any CPU.ActiveCfg = Debug|Any CPU
		{31249910-B93C-41D3-9FC7-D34C04E8E7FD}.Debug|Any CPU.Build.0 = Debug|Any CPU
		{31249910-B93C-41D3-9FC7-D34C04E8E7FD}.Release|Any CPU.ActiveCfg = Release|Any CPU
		{31249910-B93C-41D3-9FC7-D34C04E8E7FD}.Release|Any CPU.Build.0 = Release|Any CPU
		{6811B801-B076-437A-871B-6A65191172D9}.Debug|Any CPU.ActiveCfg = Debug|Any CPU
		{6811B801-B076-437A-871B-6A65191172D9}.Debug|Any CPU.Build.0 = Debug|Any CPU
		{6811B801-B076-437A-871B-6A65191172D9}.Release|Any CPU.ActiveCfg = Release|Any CPU
		{6811B801-B076-437A-871B-6A65191172D9}.Release|Any CPU.Build.0 = Release|Any CPU
	EndGlobalSection
	GlobalSection(SolutionProperties) = preSolution
		HideSolutionNode = FALSE
	EndGlobalSection
EndGlobal
